// !$*UTF8*$!
{
	archiveVersion = 1;
	classes = {
	};
	objectVersion = 48;
	objects = {

/* Begin PBXBuildFile section */
		2542DAAC1F93C36A00B3B195 /* AppDelegate.m in Sources */ = {isa = PBXBuildFile; fileRef = 2542DAAB1F93C36A00B3B195 /* AppDelegate.m */; };
		2542DAAF1F93C36A00B3B195 /* ViewController.m in Sources */ = {isa = PBXBuildFile; fileRef = 2542DAAE1F93C36A00B3B195 /* ViewController.m */; };
		2542DAB21F93C36A00B3B195 /* Main.storyboard in Resources */ = {isa = PBXBuildFile; fileRef = 2542DAB01F93C36A00B3B195 /* Main.storyboard */; };
		2542DAB41F93C36A00B3B195 /* Assets.xcassets in Resources */ = {isa = PBXBuildFile; fileRef = 2542DAB31F93C36A00B3B195 /* Assets.xcassets */; };
		2542DAB71F93C36A00B3B195 /* LaunchScreen.storyboard in Resources */ = {isa = PBXBuildFile; fileRef = 2542DAB51F93C36A00B3B195 /* LaunchScreen.storyboard */; };
		2542DABA1F93C36A00B3B195 /* main.m in Sources */ = {isa = PBXBuildFile; fileRef = 2542DAB91F93C36A00B3B195 /* main.m */; };
		2542DC1B1F93C58200B3B195 /* libstdc++.tbd in Frameworks */ = {isa = PBXBuildFile; fileRef = 2542DC1A1F93C58200B3B195 /* libstdc++.tbd */; };
		2542DC1D1F93C58900B3B195 /* AVFoundation.framework in Frameworks */ = {isa = PBXBuildFile; fileRef = 2542DC1C1F93C58900B3B195 /* AVFoundation.framework */; };
		2542DC1F1F93C58E00B3B195 /* OpenGLES.framework in Frameworks */ = {isa = PBXBuildFile; fileRef = 2542DC1E1F93C58E00B3B195 /* OpenGLES.framework */; };
		2542DC211F93C59300B3B195 /* VideoToolbox.framework in Frameworks */ = {isa = PBXBuildFile; fileRef = 2542DC201F93C59300B3B195 /* VideoToolbox.framework */; };
		2542DC231F93C59B00B3B195 /* CoreMedia.framework in Frameworks */ = {isa = PBXBuildFile; fileRef = 2542DC221F93C59B00B3B195 /* CoreMedia.framework */; };
		2542DC251F93C6A500B3B195 /* Accelerate.framework in Frameworks */ = {isa = PBXBuildFile; fileRef = 2542DC241F93C6A500B3B195 /* Accelerate.framework */; };
/* End PBXBuildFile section */

/* Begin PBXFileReference section */
		251F8F211F945A5B00E8C39C /* FBMacro.h */ = {isa = PBXFileReference; fileEncoding = 4; lastKnownFileType = sourcecode.c.h; path = FBMacro.h; sourceTree = "<group>"; };
		251F8F221F945A8400E8C39C /* FBPrefix.pch */ = {isa = PBXFileReference; fileEncoding = 4; lastKnownFileType = sourcecode.c.h; path = FBPrefix.pch; sourceTree = "<group>"; };
		2542DAA71F93C36A00B3B195 /* FBMoviePlayerDemo.app */ = {isa = PBXFileReference; explicitFileType = wrapper.application; includeInIndex = 0; path = FBMoviePlayerDemo.app; sourceTree = BUILT_PRODUCTS_DIR; };
		2542DAAA1F93C36A00B3B195 /* AppDelegate.h */ = {isa = PBXFileReference; lastKnownFileType = sourcecode.c.h; path = AppDelegate.h; sourceTree = "<group>"; };
		2542DAAB1F93C36A00B3B195 /* AppDelegate.m */ = {isa = PBXFileReference; lastKnownFileType = sourcecode.c.objc; path = AppDelegate.m; sourceTree = "<group>"; };
		2542DAAD1F93C36A00B3B195 /* ViewController.h */ = {isa = PBXFileReference; lastKnownFileType = sourcecode.c.h; path = ViewController.h; sourceTree = "<group>"; };
		2542DAAE1F93C36A00B3B195 /* ViewController.m */ = {isa = PBXFileReference; lastKnownFileType = sourcecode.c.objc; path = ViewController.m; sourceTree = "<group>"; };
		2542DAB11F93C36A00B3B195 /* Base */ = {isa = PBXFileReference; lastKnownFileType = file.storyboard; name = Base; path = Base.lproj/Main.storyboard; sourceTree = "<group>"; };
		2542DAB31F93C36A00B3B195 /* Assets.xcassets */ = {isa = PBXFileReference; lastKnownFileType = folder.assetcatalog; path = Assets.xcassets; sourceTree = "<group>"; };
		2542DAB61F93C36A00B3B195 /* Base */ = {isa = PBXFileReference; lastKnownFileType = file.storyboard; name = Base; path = Base.lproj/LaunchScreen.storyboard; sourceTree = "<group>"; };
		2542DAB81F93C36A00B3B195 /* Info.plist */ = {isa = PBXFileReference; lastKnownFileType = text.plist.xml; path = Info.plist; sourceTree = "<group>"; };
		2542DAB91F93C36A00B3B195 /* main.m */ = {isa = PBXFileReference; lastKnownFileType = sourcecode.c.objc; path = main.m; sourceTree = "<group>"; };
		2542DC1A1F93C58200B3B195 /* libstdc++.tbd */ = {isa = PBXFileReference; lastKnownFileType = "sourcecode.text-based-dylib-definition"; name = "libstdc++.tbd"; path = "usr/lib/libstdc++.tbd"; sourceTree = SDKROOT; };
		2542DC1C1F93C58900B3B195 /* AVFoundation.framework */ = {isa = PBXFileReference; lastKnownFileType = wrapper.framework; name = AVFoundation.framework; path = System/Library/Frameworks/AVFoundation.framework; sourceTree = SDKROOT; };
		2542DC1E1F93C58E00B3B195 /* OpenGLES.framework */ = {isa = PBXFileReference; lastKnownFileType = wrapper.framework; name = OpenGLES.framework; path = System/Library/Frameworks/OpenGLES.framework; sourceTree = SDKROOT; };
		2542DC201F93C59300B3B195 /* VideoToolbox.framework */ = {isa = PBXFileReference; lastKnownFileType = wrapper.framework; name = VideoToolbox.framework; path = System/Library/Frameworks/VideoToolbox.framework; sourceTree = SDKROOT; };
		2542DC221F93C59B00B3B195 /* CoreMedia.framework */ = {isa = PBXFileReference; lastKnownFileType = wrapper.framework; name = CoreMedia.framework; path = System/Library/Frameworks/CoreMedia.framework; sourceTree = SDKROOT; };
		2542DC241F93C6A500B3B195 /* Accelerate.framework */ = {isa = PBXFileReference; lastKnownFileType = wrapper.framework; name = Accelerate.framework; path = System/Library/Frameworks/Accelerate.framework; sourceTree = SDKROOT; };
		25DC72FD1F94CDED007CDD09 /* FBMoviePlayer */ = {isa = PBXFileReference; lastKnownFileType = folder; name = FBMoviePlayer; path = ../FBMoviePlayer; sourceTree = "<group>"; };
		ADBDB1C08951AEEAC7D239C8 /* libPods-FBMoviePlayerDemo.a */ = {isa = PBXFileReference; explicitFileType = archive.ar; includeInIndex = 0; path = "libPods-FBMoviePlayerDemo.a"; sourceTree = BUILT_PRODUCTS_DIR; };
/* End PBXFileReference section */

/* Begin PBXFrameworksBuildPhase section */
		2542DAA41F93C36A00B3B195 /* Frameworks */ = {
			isa = PBXFrameworksBuildPhase;
			buildActionMask = 2147483647;
			files = (
				2542DC251F93C6A500B3B195 /* Accelerate.framework in Frameworks */,
				2542DC231F93C59B00B3B195 /* CoreMedia.framework in Frameworks */,
				2542DC211F93C59300B3B195 /* VideoToolbox.framework in Frameworks */,
				2542DC1F1F93C58E00B3B195 /* OpenGLES.framework in Frameworks */,
				2542DC1D1F93C58900B3B195 /* AVFoundation.framework in Frameworks */,
				2542DC1B1F93C58200B3B195 /* libstdc++.tbd in Frameworks */,
			);
			runOnlyForDeploymentPostprocessing = 0;
		};
/* End PBXFrameworksBuildPhase section */

/* Begin PBXGroup section */
		2542DA9E1F93C36A00B3B195 = {
			isa = PBXGroup;
			children = (
				25DC72FD1F94CDED007CDD09 /* FBMoviePlayer */,
				2542DAA91F93C36A00B3B195 /* FBMoviePlayerDemo */,
				2542DAA81F93C36A00B3B195 /* Products */,
				2542DC191F93C58100B3B195 /* Frameworks */,
			);
			sourceTree = "<group>";
		};
		2542DAA81F93C36A00B3B195 /* Products */ = {
			isa = PBXGroup;
			children = (
				2542DAA71F93C36A00B3B195 /* FBMoviePlayerDemo.app */,
			);
			name = Products;
			sourceTree = "<group>";
		};
		2542DAA91F93C36A00B3B195 /* FBMoviePlayerDemo */ = {
			isa = PBXGroup;
			children = (
				251F8F221F945A8400E8C39C /* FBPrefix.pch */,
				251F8F211F945A5B00E8C39C /* FBMacro.h */,
				2542DAAA1F93C36A00B3B195 /* AppDelegate.h */,
				2542DAAB1F93C36A00B3B195 /* AppDelegate.m */,
				2542DAAD1F93C36A00B3B195 /* ViewController.h */,
				2542DAAE1F93C36A00B3B195 /* ViewController.m */,
				2542DAB01F93C36A00B3B195 /* Main.storyboard */,
				2542DAB31F93C36A00B3B195 /* Assets.xcassets */,
				2542DAB51F93C36A00B3B195 /* LaunchScreen.storyboard */,
				2542DAB81F93C36A00B3B195 /* Info.plist */,
				2542DAB91F93C36A00B3B195 /* main.m */,
			);
			path = FBMoviePlayerDemo;
			sourceTree = "<group>";
		};
		2542DC191F93C58100B3B195 /* Frameworks */ = {
			isa = PBXGroup;
			children = (
				2542DC241F93C6A500B3B195 /* Accelerate.framework */,
				2542DC221F93C59B00B3B195 /* CoreMedia.framework */,
				2542DC201F93C59300B3B195 /* VideoToolbox.framework */,
				2542DC1E1F93C58E00B3B195 /* OpenGLES.framework */,
				2542DC1C1F93C58900B3B195 /* AVFoundation.framework */,
				2542DC1A1F93C58200B3B195 /* libstdc++.tbd */,
				ADBDB1C08951AEEAC7D239C8 /* libPods-FBMoviePlayerDemo.a */,
			);
			name = Frameworks;
			sourceTree = "<group>";
		};
/* End PBXGroup section */

/* Begin PBXNativeTarget section */
		2542DAA61F93C36A00B3B195 /* FBMoviePlayerDemo */ = {
			isa = PBXNativeTarget;
			buildConfigurationList = 2542DABD1F93C36A00B3B195 /* Build configuration list for PBXNativeTarget "FBMoviePlayerDemo" */;
			buildPhases = (
				2542DAA31F93C36A00B3B195 /* Sources */,
				2542DAA41F93C36A00B3B195 /* Frameworks */,
				2542DAA51F93C36A00B3B195 /* Resources */,
			);
			buildRules = (
			);
			dependencies = (
			);
			name = FBMoviePlayerDemo;
			productName = FBMoviePlayerDemo;
			productReference = 2542DAA71F93C36A00B3B195 /* FBMoviePlayerDemo.app */;
			productType = "com.apple.product-type.application";
		};
/* End PBXNativeTarget section */

/* Begin PBXProject section */
		2542DA9F1F93C36A00B3B195 /* Project object */ = {
			isa = PBXProject;
			attributes = {
				LastUpgradeCheck = 0900;
				ORGANIZATIONNAME = FB;
				TargetAttributes = {
					2542DAA61F93C36A00B3B195 = {
						CreatedOnToolsVersion = 9.0;
						ProvisioningStyle = Automatic;
					};
				};
			};
			buildConfigurationList = 2542DAA21F93C36A00B3B195 /* Build configuration list for PBXProject "FBMoviePlayerDemo" */;
			compatibilityVersion = "Xcode 8.0";
			developmentRegion = en;
			hasScannedForEncodings = 0;
			knownRegions = (
				en,
				Base,
			);
			mainGroup = 2542DA9E1F93C36A00B3B195;
			productRefGroup = 2542DAA81F93C36A00B3B195 /* Products */;
			projectDirPath = "";
			projectRoot = "";
			targets = (
				2542DAA61F93C36A00B3B195 /* FBMoviePlayerDemo */,
			);
		};
/* End PBXProject section */

/* Begin PBXResourcesBuildPhase section */
		2542DAA51F93C36A00B3B195 /* Resources */ = {
			isa = PBXResourcesBuildPhase;
			buildActionMask = 2147483647;
			files = (
				2542DAB71F93C36A00B3B195 /* LaunchScreen.storyboard in Resources */,
				2542DAB41F93C36A00B3B195 /* Assets.xcassets in Resources */,
				2542DAB21F93C36A00B3B195 /* Main.storyboard in Resources */,
			);
			runOnlyForDeploymentPostprocessing = 0;
		};
/* End PBXResourcesBuildPhase section */

/* Begin PBXSourcesBuildPhase section */
		2542DAA31F93C36A00B3B195 /* Sources */ = {
			isa = PBXSourcesBuildPhase;
			buildActionMask = 2147483647;
			files = (
				2542DAAF1F93C36A00B3B195 /* ViewController.m in Sources */,
				2542DABA1F93C36A00B3B195 /* main.m in Sources */,
				2542DAAC1F93C36A00B3B195 /* AppDelegate.m in Sources */,
			);
			runOnlyForDeploymentPostprocessing = 0;
		};
/* End PBXSourcesBuildPhase section */

/* Begin PBXVariantGroup section */
		2542DAB01F93C36A00B3B195 /* Main.storyboard */ = {
			isa = PBXVariantGroup;
			children = (
				2542DAB11F93C36A00B3B195 /* Base */,
			);
			name = Main.storyboard;
			sourceTree = "<group>";
		};
		2542DAB51F93C36A00B3B195 /* LaunchScreen.storyboard */ = {
			isa = PBXVariantGroup;
			children = (
				2542DAB61F93C36A00B3B195 /* Base */,
			);
			name = LaunchScreen.storyboard;
			sourceTree = "<group>";
		};
/* End PBXVariantGroup section */

/* Begin XCBuildConfiguration section */
		2542DABB1F93C36A00B3B195 /* Debug */ = {
			isa = XCBuildConfiguration;
			buildSettings = {
				ALWAYS_SEARCH_USER_PATHS = NO;
				CLANG_ANALYZER_NONNULL = YES;
				CLANG_ANALYZER_NUMBER_OBJECT_CONVERSION = YES_AGGRESSIVE;
				CLANG_CXX_LANGUAGE_STANDARD = "gnu++14";
				CLANG_CXX_LIBRARY = "libc++";
				CLANG_ENABLE_MODULES = YES;
				CLANG_ENABLE_OBJC_ARC = YES;
				CLANG_WARN_BLOCK_CAPTURE_AUTORELEASING = YES;
				CLANG_WARN_BOOL_CONVERSION = YES;
				CLANG_WARN_COMMA = YES;
				CLANG_WARN_CONSTANT_CONVERSION = YES;
				CLANG_WARN_DIRECT_OBJC_ISA_USAGE = YES_ERROR;
				CLANG_WARN_DOCUMENTATION_COMMENTS = YES;
				CLANG_WARN_EMPTY_BODY = YES;
				CLANG_WARN_ENUM_CONVERSION = YES;
				CLANG_WARN_INFINITE_RECURSION = YES;
				CLANG_WARN_INT_CONVERSION = YES;
				CLANG_WARN_NON_LITERAL_NULL_CONVERSION = YES;
				CLANG_WARN_OBJC_LITERAL_CONVERSION = YES;
				CLANG_WARN_OBJC_ROOT_CLASS = YES_ERROR;
				CLANG_WARN_RANGE_LOOP_ANALYSIS = YES;
				CLANG_WARN_STRICT_PROTOTYPES = YES;
				CLANG_WARN_SUSPICIOUS_MOVE = YES;
				CLANG_WARN_UNGUARDED_AVAILABILITY = YES_AGGRESSIVE;
				CLANG_WARN_UNREACHABLE_CODE = YES;
				CLANG_WARN__DUPLICATE_METHOD_MATCH = YES;
				CODE_SIGN_IDENTITY = "iPhone Developer";
				COPY_PHASE_STRIP = NO;
				DEBUG_INFORMATION_FORMAT = dwarf;
				ENABLE_STRICT_OBJC_MSGSEND = YES;
				ENABLE_TESTABILITY = YES;
				GCC_C_LANGUAGE_STANDARD = gnu11;
				GCC_DYNAMIC_NO_PIC = NO;
				GCC_NO_COMMON_BLOCKS = YES;
				GCC_OPTIMIZATION_LEVEL = 0;
				GCC_PREPROCESSOR_DEFINITIONS = (
					"DEBUG=1",
					"$(inherited)",
				);
				GCC_WARN_64_TO_32_BIT_CONVERSION = YES;
				GCC_WARN_ABOUT_RETURN_TYPE = YES_ERROR;
				GCC_WARN_UNDECLARED_SELECTOR = YES;
				GCC_WARN_UNINITIALIZED_AUTOS = YES_AGGRESSIVE;
				GCC_WARN_UNUSED_FUNCTION = YES;
				GCC_WARN_UNUSED_VARIABLE = YES;
				IPHONEOS_DEPLOYMENT_TARGET = 11.0;
				MTL_ENABLE_DEBUG_INFO = YES;
				ONLY_ACTIVE_ARCH = YES;
				SDKROOT = iphoneos;
			};
			name = Debug;
		};
		2542DABC1F93C36A00B3B195 /* Release */ = {
			isa = XCBuildConfiguration;
			buildSettings = {
				ALWAYS_SEARCH_USER_PATHS = NO;
				CLANG_ANALYZER_NONNULL = YES;
				CLANG_ANALYZER_NUMBER_OBJECT_CONVERSION = YES_AGGRESSIVE;
				CLANG_CXX_LANGUAGE_STANDARD = "gnu++14";
				CLANG_CXX_LIBRARY = "libc++";
				CLANG_ENABLE_MODULES = YES;
				CLANG_ENABLE_OBJC_ARC = YES;
				CLANG_WARN_BLOCK_CAPTURE_AUTORELEASING = YES;
				CLANG_WARN_BOOL_CONVERSION = YES;
				CLANG_WARN_COMMA = YES;
				CLANG_WARN_CONSTANT_CONVERSION = YES;
				CLANG_WARN_DIRECT_OBJC_ISA_USAGE = YES_ERROR;
				CLANG_WARN_DOCUMENTATION_COMMENTS = YES;
				CLANG_WARN_EMPTY_BODY = YES;
				CLANG_WARN_ENUM_CONVERSION = YES;
				CLANG_WARN_INFINITE_RECURSION = YES;
				CLANG_WARN_INT_CONVERSION = YES;
				CLANG_WARN_NON_LITERAL_NULL_CONVERSION = YES;
				CLANG_WARN_OBJC_LITERAL_CONVERSION = YES;
				CLANG_WARN_OBJC_ROOT_CLASS = YES_ERROR;
				CLANG_WARN_RANGE_LOOP_ANALYSIS = YES;
				CLANG_WARN_STRICT_PROTOTYPES = YES;
				CLANG_WARN_SUSPICIOUS_MOVE = YES;
				CLANG_WARN_UNGUARDED_AVAILABILITY = YES_AGGRESSIVE;
				CLANG_WARN_UNREACHABLE_CODE = YES;
				CLANG_WARN__DUPLICATE_METHOD_MATCH = YES;
				CODE_SIGN_IDENTITY = "iPhone Developer";
				COPY_PHASE_STRIP = NO;
				DEBUG_INFORMATION_FORMAT = "dwarf-with-dsym";
				ENABLE_NS_ASSERTIONS = NO;
				ENABLE_STRICT_OBJC_MSGSEND = YES;
				GCC_C_LANGUAGE_STANDARD = gnu11;
				GCC_NO_COMMON_BLOCKS = YES;
				GCC_WARN_64_TO_32_BIT_CONVERSION = YES;
				GCC_WARN_ABOUT_RETURN_TYPE = YES_ERROR;
				GCC_WARN_UNDECLARED_SELECTOR = YES;
				GCC_WARN_UNINITIALIZED_AUTOS = YES_AGGRESSIVE;
				GCC_WARN_UNUSED_FUNCTION = YES;
				GCC_WARN_UNUSED_VARIABLE = YES;
				IPHONEOS_DEPLOYMENT_TARGET = 11.0;
				MTL_ENABLE_DEBUG_INFO = NO;
				SDKROOT = iphoneos;
				VALIDATE_PRODUCT = YES;
			};
			name = Release;
		};
		2542DABE1F93C36A00B3B195 /* Debug */ = {
			isa = XCBuildConfiguration;
			buildSettings = {
				ASSETCATALOG_COMPILER_APPICON_NAME = AppIcon;
				CODE_SIGN_STYLE = Automatic;
				DEVELOPMENT_TEAM = CR386L3EVP;
				GCC_PRECOMPILE_PREFIX_HEADER = YES;
				GCC_PREFIX_HEADER = $SRCROOT/$PROJECT_NAME/FBPrefix.pch;
				HEADER_SEARCH_PATHS = "\"$(SRCROOT)/../FBMoviePlayer\"";
				INFOPLIST_FILE = FBMoviePlayerDemo/Info.plist;
				LD_RUNPATH_SEARCH_PATHS = "$(inherited) @executable_path/Frameworks";
				LIBRARY_SEARCH_PATHS = "$(inherited)";
				PRODUCT_BUNDLE_IDENTIFIER = com.fbapp.FBMoviePlayerDemo;
				PRODUCT_NAME = "$(TARGET_NAME)";
				TARGETED_DEVICE_FAMILY = "1,2";
				VALID_ARCHS = "arm64 armv7s armv7";
			};
			name = Debug;
		};
		2542DABF1F93C36A00B3B195 /* Release */ = {
			isa = XCBuildConfiguration;
			buildSettings = {
				ASSETCATALOG_COMPILER_APPICON_NAME = AppIcon;
				CODE_SIGN_STYLE = Automatic;
				DEVELOPMENT_TEAM = CR386L3EVP;
				GCC_PRECOMPILE_PREFIX_HEADER = YES;
				GCC_PREFIX_HEADER = $SRCROOT/$PROJECT_NAME/FBPrefix.pch;
				HEADER_SEARCH_PATHS = "\"$(SRCROOT)/../FBMoviePlayer\"";
				INFOPLIST_FILE = FBMoviePlayerDemo/Info.plist;
				LD_RUNPATH_SEARCH_PATHS = "$(inherited) @executable_path/Frameworks";
				LIBRARY_SEARCH_PATHS = "$(inherited)";
				PRODUCT_BUNDLE_IDENTIFIER = com.fbapp.FBMoviePlayerDemo;
				PRODUCT_NAME = "$(TARGET_NAME)";
				TARGETED_DEVICE_FAMILY = "1,2";
				VALID_ARCHS = "arm64 armv7s armv7";
			};
			name = Release;
		};
/* End XCBuildConfiguration section */

/* Begin XCConfigurationList section */
		2542DAA21F93C36A00B3B195 /* Build configuration list for PBXProject "FBMoviePlayerDemo" */ = {
			isa = XCConfigurationList;
			buildConfigurations = (
				2542DABB1F93C36A00B3B195 /* Debug */,
				2542DABC1F93C36A00B3B195 /* Release */,
			);
			defaultConfigurationIsVisible = 0;
			defaultConfigurationName = Release;
		};
		2542DABD1F93C36A00B3B195 /* Build configuration list for PBXNativeTarget "FBMoviePlayerDemo" */ = {
			isa = XCConfigurationList;
			buildConfigurations = (
				2542DABE1F93C36A00B3B195 /* Debug */,
				2542DABF1F93C36A00B3B195 /* Release */,
			);
			defaultConfigurationIsVisible = 0;
			defaultConfigurationName = Release;
		};
/* End XCConfigurationList section */
	};
	rootObject = 2542DA9F1F93C36A00B3B195 /* Project object */;
}
